// !$*UTF8*$!
{
	archiveVersion = 1;
	classes = {
	};
	objectVersion = 50;
	objects = {

/* Begin PBXBuildFile section */
		70B62E2021354F4400E88A67 /* AppDelegate.m in Sources */ = {isa = PBXBuildFile; fileRef = 70B62E1F21354F4400E88A67 /* AppDelegate.m */; };
		70B62E2321354F4400E88A67 /* ViewController.m in Sources */ = {isa = PBXBuildFile; fileRef = 70B62E2221354F4400E88A67 /* ViewController.m */; };
		70B62E2621354F4400E88A67 /* Main.storyboard in Resources */ = {isa = PBXBuildFile; fileRef = 70B62E2421354F4400E88A67 /* Main.storyboard */; };
		70B62E2821354F4500E88A67 /* Assets.xcassets in Resources */ = {isa = PBXBuildFile; fileRef = 70B62E2721354F4500E88A67 /* Assets.xcassets */; };
		70B62E2B21354F4500E88A67 /* LaunchScreen.storyboard in Resources */ = {isa = PBXBuildFile; fileRef = 70B62E2921354F4500E88A67 /* LaunchScreen.storyboard */; };
		70B62E2E21354F4500E88A67 /* main.m in Sources */ = {isa = PBXBuildFile; fileRef = 70B62E2D21354F4500E88A67 /* main.m */; };
/* End PBXBuildFile section */

/* Begin PBXFileReference section */
		708B978F2136977900306476 /* ApplePayTest.entitlements */ = {isa = PBXFileReference; lastKnownFileType = text.plist.entitlements; path = ApplePayTest.entitlements; sourceTree = "<group>"; };
		70B62E1B21354F4400E88A67 /* ApplePayTest.app */ = {isa = PBXFileReference; explicitFileType = wrapper.application; includeInIndex = 0; path = ApplePayTest.app; sourceTree = BUILT_PRODUCTS_DIR; };
		70B62E1E21354F4400E88A67 /* AppDelegate.h */ = {isa = PBXFileReference; lastKnownFileType = sourcecode.c.h; path = AppDelegate.h; sourceTree = "<group>"; };
		70B62E1F21354F4400E88A67 /* AppDelegate.m */ = {isa = PBXFileReference; lastKnownFileType = sourcecode.c.objc; path = AppDelegate.m; sourceTree = "<group>"; };
		70B62E2121354F4400E88A67 /* ViewController.h */ = {isa = PBXFileReference; lastKnownFileType = sourcecode.c.h; path = ViewController.h; sourceTree = "<group>"; };
		70B62E2221354F4400E88A67 /* ViewController.m */ = {isa = PBXFileReference; lastKnownFileType = sourcecode.c.objc; path = ViewController.m; sourceTree = "<group>"; };
		70B62E2521354F4400E88A67 /* Base */ = {isa = PBXFileReference; lastKnownFileType = file.storyboard; name = Base; path = Base.lproj/Main.storyboard; sourceTree = "<group>"; };
		70B62E2721354F4500E88A67 /* Assets.xcassets */ = {isa = PBXFileReference; lastKnownFileType = folder.assetcatalog; path = Assets.xcassets; sourceTree = "<group>"; };
		70B62E2A21354F4500E88A67 /* Base */ = {isa = PBXFileReference; lastKnownFileType = file.storyboard; name = Base; path = Base.lproj/LaunchScreen.storyboard; sourceTree = "<group>"; };
		70B62E2C21354F4500E88A67 /* Info.plist */ = {isa = PBXFileReference; lastKnownFileType = text.plist.xml; path = Info.plist; sourceTree = "<group>"; };
		70B62E2D21354F4500E88A67 /* main.m */ = {isa = PBXFileReference; lastKnownFileType = sourcecode.c.objc; path = main.m; sourceTree = "<group>"; };
/* End PBXFileReference section */

/* Begin PBXFrameworksBuildPhase section */
		70B62E1821354F4400E88A67 /* Frameworks */ = {
			isa = PBXFrameworksBuildPhase;
			buildActionMask = 2147483647;
			files = (
			);
			runOnlyForDeploymentPostprocessing = 0;
		};
/* End PBXFrameworksBuildPhase section */

/* Begin PBXGroup section */
		70B62E1221354F4400E88A67 = {
			isa = PBXGroup;
			children = (
				70B62E1D21354F4400E88A67 /* ApplePayTest */,
				70B62E1C21354F4400E88A67 /* Products */,
			);
			sourceTree = "<group>";
		};
		70B62E1C21354F4400E88A67 /* Products */ = {
			isa = PBXGroup;
			children = (
				70B62E1B21354F4400E88A67 /* ApplePayTest.app */,
			);
			name = Products;
			sourceTree = "<group>";
		};
		70B62E1D21354F4400E88A67 /* ApplePayTest */ = {
			isa = PBXGroup;
			children = (
				708B978F2136977900306476 /* ApplePayTest.entitlements */,
				70B62E1E21354F4400E88A67 /* AppDelegate.h */,
				70B62E1F21354F4400E88A67 /* AppDelegate.m */,
				70B62E2121354F4400E88A67 /* ViewController.h */,
				70B62E2221354F4400E88A67 /* ViewController.m */,
				70B62E2421354F4400E88A67 /* Main.storyboard */,
				70B62E2721354F4500E88A67 /* Assets.xcassets */,
				70B62E2921354F4500E88A67 /* LaunchScreen.storyboard */,
				70B62E2C21354F4500E88A67 /* Info.plist */,
				70B62E2D21354F4500E88A67 /* main.m */,
			);
			path = ApplePayTest;
			sourceTree = "<group>";
		};
/* End PBXGroup section */

/* Begin PBXNativeTarget section */
		70B62E1A21354F4400E88A67 /* ApplePayTest */ = {
			isa = PBXNativeTarget;
			buildConfigurationList = 70B62E3121354F4500E88A67 /* Build configuration list for PBXNativeTarget "ApplePayTest" */;
			buildPhases = (
				70B62E1721354F4400E88A67 /* Sources */,
				70B62E1821354F4400E88A67 /* Frameworks */,
				70B62E1921354F4400E88A67 /* Resources */,
			);
			buildRules = (
			);
			dependencies = (
			);
			name = ApplePayTest;
			productName = ApplePayTest;
			productReference = 70B62E1B21354F4400E88A67 /* ApplePayTest.app */;
			productType = "com.apple.product-type.application";
		};
/* End PBXNativeTarget section */

/* Begin PBXProject section */
		70B62E1321354F4400E88A67 /* Project object */ = {
			isa = PBXProject;
			attributes = {
				LastUpgradeCheck = 0940;
				ORGANIZATIONNAME = "崔林豪";
				TargetAttributes = {
					70B62E1A21354F4400E88A67 = {
						CreatedOnToolsVersion = 9.4.1;
						SystemCapabilities = {
							com.apple.ApplePay = {
								enabled = 1;
							};
						};
					};
				};
			};
			buildConfigurationList = 70B62E1621354F4400E88A67 /* Build configuration list for PBXProject "ApplePayTest" */;
			compatibilityVersion = "Xcode 9.3";
			developmentRegion = en;
			hasScannedForEncodings = 0;
			knownRegions = (
				en,
				Base,
			);
			mainGroup = 70B62E1221354F4400E88A67;
			productRefGroup = 70B62E1C21354F4400E88A67 /* Products */;
			projectDirPath = "";
			projectRoot = "";
			targets = (
				70B62E1A21354F4400E88A67 /* ApplePayTest */,
			);
		};
/* End PBXProject section */

/* Begin PBXResourcesBuildPhase section */
		70B62E1921354F4400E88A67 /* Resources */ = {
			isa = PBXResourcesBuildPhase;
			buildActionMask = 2147483647;
			files = (
				70B62E2B21354F4500E88A67 /* LaunchScreen.storyboard in Resources */,
				70B62E2821354F4500E88A67 /* Assets.xcassets in Resources */,
				70B62E2621354F4400E88A67 /* Main.storyboard in Resources */,
			);
			runOnlyForDeploymentPostprocessing = 0;
		};
/* End PBXResourcesBuildPhase section */

/* Begin PBXSourcesBuildPhase section */
		70B62E1721354F4400E88A67 /* Sources */ = {
			isa = PBXSourcesBuildPhase;
			buildActionMask = 2147483647;
			files = (
				70B62E2321354F4400E88A67 /* ViewController.m in Sources */,
				70B62E2E21354F4500E88A67 /* main.m in Sources */,
				70B62E2021354F4400E88A67 /* AppDelegate.m in Sources */,
			);
			runOnlyForDeploymentPostprocessing = 0;
		};
/* End PBXSourcesBuildPhase section */

/* Begin PBXVariantGroup section */
		70B62E2421354F4400E88A67 /* Main.storyboard */ = {
			isa = PBXVariantGroup;
			children = (
				70B62E2521354F4400E88A67 /* Base */,
			);
			name = Main.storyboard;
			sourceTree = "<group>";
		};
		70B62E2921354F4500E88A67 /* LaunchScreen.storyboard */ = {
			isa = PBXVariantGroup;
			children = (
				70B62E2A21354F4500E88A67 /* Base */,
			);
			name = LaunchScreen.storyboard;
			sourceTree = "<group>";
		};
/* End PBXVariantGroup section */

/* Begin XCBuildConfiguration section */
		70B62E2F21354F4500E88A67 /* Debug */ = {
			isa = XCBuildConfiguration;
			buildSettings = {
				ALWAYS_SEARCH_USER_PATHS = NO;
				CLANG_ANALYZER_NONNULL = YES;
				CLANG_ANALYZER_NUMBER_OBJECT_CONVERSION = YES_AGGRESSIVE;
				CLANG_CXX_LANGUAGE_STANDARD = "gnu++14";
				CLANG_CXX_LIBRARY = "libc++";
				CLANG_ENABLE_MODULES = YES;
				CLANG_ENABLE_OBJC_ARC = YES;
				CLANG_ENABLE_OBJC_WEAK = YES;
				CLANG_WARN_BLOCK_CAPTURE_AUTORELEASING = YES;
				CLANG_WARN_BOOL_CONVERSION = YES;
				CLANG_WARN_COMMA = YES;
				CLANG_WARN_CONSTANT_CONVERSION = YES;
				CLANG_WARN_DEPRECATED_OBJC_IMPLEMENTATIONS = YES;
				CLANG_WARN_DIRECT_OBJC_ISA_USAGE = YES_ERROR;
				CLANG_WARN_DOCUMENTATION_COMMENTS = YES;
				CLANG_WARN_EMPTY_BODY = YES;
				CLANG_WARN_ENUM_CONVERSION = YES;
				CLANG_WARN_INFINITE_RECURSION = YES;
				CLANG_WARN_INT_CONVERSION = YES;
				CLANG_WARN_NON_LITERAL_NULL_CONVERSION = YES;
				CLANG_WARN_OBJC_IMPLICIT_RETAIN_SELF = YES;
				CLANG_WARN_OBJC_LITERAL_CONVERSION = YES;
				CLANG_WARN_OBJC_ROOT_CLASS = YES_ERROR;
				CLANG_WARN_RANGE_LOOP_ANALYSIS = YES;
				CLANG_WARN_STRICT_PROTOTYPES = YES;
				CLANG_WARN_SUSPICIOUS_MOVE = YES;
				CLANG_WARN_UNGUARDED_AVAILABILITY = YES_AGGRESSIVE;
				CLANG_WARN_UNREACHABLE_CODE = YES;
				CLANG_WARN__DUPLICATE_METHOD_MATCH = YES;
				CODE_SIGN_IDENTITY = "iPhone Developer";
				COPY_PHASE_STRIP = NO;
				DEBUG_INFORMATION_FORMAT = dwarf;
				ENABLE_STRICT_OBJC_MSGSEND = YES;
				ENABLE_TESTABILITY = YES;
				GCC_C_LANGUAGE_STANDARD = gnu11;
				GCC_DYNAMIC_NO_PIC = NO;
				GCC_NO_COMMON_BLOCKS = YES;
				GCC_OPTIMIZATION_LEVEL = 0;
				GCC_PREPROCESSOR_DEFINITIONS = (
					"DEBUG=1",
					"$(inherited)",
				);
				GCC_WARN_64_TO_32_BIT_CONVERSION = YES;
				GCC_WARN_ABOUT_RETURN_TYPE = YES_ERROR;
				GCC_WARN_UNDECLARED_SELECTOR = YES;
				GCC_WARN_UNINITIALIZED_AUTOS = YES_AGGRESSIVE;
				GCC_WARN_UNUSED_FUNCTION = YES;
				GCC_WARN_UNUSED_VARIABLE = YES;
				IPHONEOS_DEPLOYMENT_TARGET = 11.4;
				MTL_ENABLE_DEBUG_INFO = YES;
				ONLY_ACTIVE_ARCH = YES;
				SDKROOT = iphoneos;
			};
			name = Debug;
		};
		70B62E3021354F4500E88A67 /* Release */ = {
			isa = XCBuildConfiguration;
			buildSettings = {
				ALWAYS_SEARCH_USER_PATHS = NO;
				CLANG_ANALYZER_NONNULL = YES;
				CLANG_ANALYZER_NUMBER_OBJECT_CONVERSION = YES_AGGRESSIVE;
				CLANG_CXX_LANGUAGE_STANDARD = "gnu++14";
				CLANG_CXX_LIBRARY = "libc++";
				CLANG_ENABLE_MODULES = YES;
				CLANG_ENABLE_OBJC_ARC = YES;
				CLANG_ENABLE_OBJC_WEAK = YES;
				CLANG_WARN_BLOCK_CAPTURE_AUTORELEASING = YES;
				CLANG_WARN_BOOL_CONVERSION = YES;
				CLANG_WARN_COMMA = YES;
				CLANG_WARN_CONSTANT_CONVERSION = YES;
				CLANG_WARN_DEPRECATED_OBJC_IMPLEMENTATIONS = YES;
				CLANG_WARN_DIRECT_OBJC_ISA_USAGE = YES_ERROR;
				CLANG_WARN_DOCUMENTATION_COMMENTS = YES;
				CLANG_WARN_EMPTY_BODY = YES;
				CLANG_WARN_ENUM_CONVERSION = YES;
				CLANG_WARN_INFINITE_RECURSION = YES;
				CLANG_WARN_INT_CONVERSION = YES;
				CLANG_WARN_NON_LITERAL_NULL_CONVERSION = YES;
				CLANG_WARN_OBJC_IMPLICIT_RETAIN_SELF = YES;
				CLANG_WARN_OBJC_LITERAL_CONVERSION = YES;
				CLANG_WARN_OBJC_ROOT_CLASS = YES_ERROR;
				CLANG_WARN_RANGE_LOOP_ANALYSIS = YES;
				CLANG_WARN_STRICT_PROTOTYPES = YES;
				CLANG_WARN_SUSPICIOUS_MOVE = YES;
				CLANG_WARN_UNGUARDED_AVAILABILITY = YES_AGGRESSIVE;
				CLANG_WARN_UNREACHABLE_CODE = YES;
				CLANG_WARN__DUPLICATE_METHOD_MATCH = YES;
				CODE_SIGN_IDENTITY = "iPhone Developer";
				COPY_PHASE_STRIP = NO;
				DEBUG_INFORMATION_FORMAT = "dwarf-with-dsym";
				ENABLE_NS_ASSERTIONS = NO;
				ENABLE_STRICT_OBJC_MSGSEND = YES;
				GCC_C_LANGUAGE_STANDARD = gnu11;
				GCC_NO_COMMON_BLOCKS = YES;
				GCC_WARN_64_TO_32_BIT_CONVERSION = YES;
				GCC_WARN_ABOUT_RETURN_TYPE = YES_ERROR;
				GCC_WARN_UNDECLARED_SELECTOR = YES;
				GCC_WARN_UNINITIALIZED_AUTOS = YES_AGGRESSIVE;
				GCC_WARN_UNUSED_FUNCTION = YES;
				GCC_WARN_UNUSED_VARIABLE = YES;
				IPHONEOS_DEPLOYMENT_TARGET = 11.4;
				MTL_ENABLE_DEBUG_INFO = NO;
				SDKROOT = iphoneos;
				VALIDATE_PRODUCT = YES;
			};
			name = Release;
		};
		70B62E3221354F4500E88A67 /* Debug */ = {
			isa = XCBuildConfiguration;
			buildSettings = {
				ASSETCATALOG_COMPILER_APPICON_NAME = AppIcon;
				CODE_SIGN_ENTITLEMENTS = ApplePayTest/ApplePayTest.entitlements;
				CODE_SIGN_STYLE = Manual;
				DEVELOPMENT_TEAM = AZSDGP5N54;
				INFOPLIST_FILE = ApplePayTest/Info.plist;
				IPHONEOS_DEPLOYMENT_TARGET = 9.0;
				LD_RUNPATH_SEARCH_PATHS = (
					"$(inherited)",
					"@executable_path/Frameworks",
				);
				PRODUCT_BUNDLE_IDENTIFIER = com.mob.cuilinhao.ApplePayTest;
				PRODUCT_NAME = "$(TARGET_NAME)";
				PROVISIONING_PROFILE = "8c613249-1043-40ff-baf1-132b82741347";
				PROVISIONING_PROFILE_SPECIFIER = cuilinhao.ApplePayTest;
				TARGETED_DEVICE_FAMILY = "1,2";
			};
			name = Debug;
		};
		70B62E3321354F4500E88A67 /* Release */ = {
			isa = XCBuildConfiguration;
			buildSettings = {
				ASSETCATALOG_COMPILER_APPICON_NAME = AppIcon;
				CODE_SIGN_ENTITLEMENTS = ApplePayTest/ApplePayTest.entitlements;
				CODE_SIGN_STYLE = Manual;
				DEVELOPMENT_TEAM = AZSDGP5N54;
				INFOPLIST_FILE = ApplePayTest/Info.plist;
				IPHONEOS_DEPLOYMENT_TARGET = 9.0;
				LD_RUNPATH_SEARCH_PATHS = (
					"$(inherited)",
					"@executable_path/Frameworks",
				);
				PRODUCT_BUNDLE_IDENTIFIER = com.mob.cuilinhao.ApplePayTest;
				PRODUCT_NAME = "$(TARGET_NAME)";
				PROVISIONING_PROFILE = "8c613249-1043-40ff-baf1-132b82741347";
				PROVISIONING_PROFILE_SPECIFIER = cuilinhao.ApplePayTest;
				TARGETED_DEVICE_FAMILY = "1,2";
			};
			name = Release;
		};
/* End XCBuildConfiguration section */

/* Begin XCConfigurationList section */
		70B62E1621354F4400E88A67 /* Build configuration list for PBXProject "ApplePayTest" */ = {
			isa = XCConfigurationList;
			buildConfigurations = (
				70B62E2F21354F4500E88A67 /* Debug */,
				70B62E3021354F4500E88A67 /* Release */,
			);
			defaultConfigurationIsVisible = 0;
			defaultConfigurationName = Release;
		};
		70B62E3121354F4500E88A67 /* Build configuration list for PBXNativeTarget "ApplePayTest" */ = {
			isa = XCConfigurationList;
			buildConfigurations = (
				70B62E3221354F4500E88A67 /* Debug */,
				70B62E3321354F4500E88A67 /* Release */,
			);
			defaultConfigurationIsVisible = 0;
			defaultConfigurationName = Release;
		};
/* End XCConfigurationList section */
	};
	rootObject = 70B62E1321354F4400E88A67 /* Project object */;
}
